
Microsoft Visual Studio Solution File, Format Version 12.00
# Visual Studio Version 17
VisualStudioVersion = 17.5.002.0
MinimumVisualStudioVersion = 10.0.40219.1
Project("{9A19103F-16F7-4668-BE54-9A1E7A4F7556}") = "LoanServicingApi", "LoanServicingApi.csproj", "{B9098E1A-6240-482E-B387-048200C4449B}"
EndProject
Global
	GlobalSection(SolutionConfigurationPlatforms) = preSolution
		Debug|Any CPU = Debug|Any CPU
		Release|Any CPU = Release|Any CPU
	EndGlobalSection
	GlobalSection(ProjectConfigurationPlatforms) = postSolution
		{B9098E1A-6240-482E-B387-048200C4449B}.Debug|Any CPU.ActiveCfg = Debug|Any CPU
		{B9098E1A-6240-482E-B387-048200C4449B}.Debug|Any CPU.Build.0 = Debug|Any CPU
		{B9098E1A-6240-482E-B387-048200C4449B}.Release|Any CPU.ActiveCfg = Release|Any CPU
		{B9098E1A-6240-482E-B387-048200C4449B}.Release|Any CPU.Build.0 = Release|Any CPU
	EndGlobalSection
	GlobalSection(SolutionProperties) = preSolution
		HideSolutionNode = FALSE
	EndGlobalSection
	GlobalSection(ExtensibilityGlobals) = postSolution
		SolutionGuid = {DFF1ED28-DF06-4D6F-A0AF-2F1AAD02D799}
	EndGlobalSection
EndGlobal
